
Microsoft Visual Studio Solution File, Format Version 12.00
# Visual Studio 14
VisualStudioVersion = 14.0.25123.0
MinimumVisualStudioVersion = 10.0.40219.1
Project("{FAE04EC0-301F-11D3-BF4B-00C04F79EFBC}") = "Grafiky_funktion new", "Grafiky_funktion new\Grafiky_funktion new.csproj", "{D8E1A572-A490-4380-BFE1-FD5A0B5D8BDB}"
EndProject
Global
	GlobalSection(SolutionConfigurationPlatforms) = preSolution
		Debug|Any CPU = Debug|Any CPU
		Release|Any CPU = Release|Any CPU
	EndGlobalSection
	GlobalSection(ProjectConfigurationPlatforms) = postSolution
		{D8E1A572-A490-4380-BFE1-FD5A0B5D8BDB}.Debug|Any CPU.ActiveCfg = Debug|Any CPU
		{D8E1A572-A490-4380-BFE1-FD5A0B5D8BDB}.Debug|Any CPU.Build.0 = Debug|Any CPU
		{D8E1A572-A490-4380-BFE1-FD5A0B5D8BDB}.Release|Any CPU.ActiveCfg = Release|Any CPU
		{D8E1A572-A490-4380-BFE1-FD5A0B5D8BDB}.Release|Any CPU.Build.0 = Release|Any CPU
	EndGlobalSection
	GlobalSection(SolutionProperties) = preSolution
		HideSolutionNode = FALSE
	EndGlobalSection
EndGlobal
